<?xml version="1.0" encoding="utf-8"?>
<Project ToolsVersion="4.0" xmlns="http://schemas.microsoft.com/developer/msbuild/2003">
  <ItemGroup>
    <Filter Include="ソース ファイル">
      <UniqueIdentifier>{4FC737F1-C7A5-4376-A066-2A32D752A2FF}</UniqueIdentifier>
      <Extensions>cpp;c;cc;cxx;c++;cppm;ixx;def;odl;idl;hpj;bat;asm;asmx</Extensions>
    </Filter>
    <Filter Include="リソース ファイル">
      <UniqueIdentifier>{67DA6AB6-F800-4c08-8B7A-83BB121AAD01}</UniqueIdentifier>
      <Extensions>rc;ico;cur;bmp;dlg;rc2;rct;bin;rgs;gif;jpg;jpeg;jpe;resx;tiff;tif;png;wav;mfcribbon-ms</Extensions>
    </Filter>
    <Filter Include="imgui">
      <UniqueIdentifier>{231f3a29-1e23-4adb-8343-c8f6d9396245}</UniqueIdentifier>
    </Filter>
    <Filter Include="ヘッダー ファイル">
      <UniqueIdentifier>{93995380-89BD-4b04-88EB-625FBE52EBFB}</UniqueIdentifier>
      <Extensions>h;hh;hpp;hxx;h++;hm;inl;inc;ipp;xsd</Extensions>
    </Filter>
    <Filter Include="MyEngine">
      <UniqueIdentifier>{d932f52b-6fa5-4668-96d5-9180925a90b9}</UniqueIdentifier>
    </Filter>
    <Filter Include="Scene">
      <UniqueIdentifier>{562124d6-ea1b-4de1-83cb-5498ef6b2cb1}</UniqueIdentifier>
    </Filter>
    <Filter Include="MyEngine\Core">
      <UniqueIdentifier>{1054987d-12e7-4b36-8f56-1d5700d87d7d}</UniqueIdentifier>
    </Filter>
    <Filter Include="Scene\Common">
      <UniqueIdentifier>{effecf80-c0e7-4065-8587-119179c4e461}</UniqueIdentifier>
    </Filter>
    <Filter Include="MyEngine\Sound">
      <UniqueIdentifier>{f308c3bc-3e7f-41c0-8dd7-096607bfe56e}</UniqueIdentifier>
    </Filter>
    <Filter Include="MyEngine\Input">
      <UniqueIdentifier>{7c82c2a9-7c1e-405e-954b-06379ea13519}</UniqueIdentifier>
    </Filter>
    <Filter Include="MyEngine\Math">
      <UniqueIdentifier>{12df5a62-84c3-482b-90cd-801a45144471}</UniqueIdentifier>
    </Filter>
    <Filter Include="MyEngine\Camera">
      <UniqueIdentifier>{8f0fd59d-354e-4c59-af20-97efb1d8af19}</UniqueIdentifier>
    </Filter>
    <Filter Include="MyEngine\Render">
      <UniqueIdentifier>{e699adf4-ee64-447d-973c-a8dbe926ad43}</UniqueIdentifier>
    </Filter>
    <Filter Include="MyEngine\Data">
      <UniqueIdentifier>{6ea883f2-3b2f-41d5-886f-1d1c1522f7db}</UniqueIdentifier>
    </Filter>
    <Filter Include="MyEngine\Scene">
      <UniqueIdentifier>{26e14feb-1a71-4c4e-8636-5b8c07e81a08}</UniqueIdentifier>
    </Filter>
    <Filter Include="MyEngine\Shader">
      <UniqueIdentifier>{724ccedd-0eaf-4897-b885-e2c82199681a}</UniqueIdentifier>
    </Filter>
    <Filter Include="Object">
      <UniqueIdentifier>{0c7a170f-de2d-45bf-bfc4-e22ba0affd4b}</UniqueIdentifier>
    </Filter>
    <Filter Include="MyEngine\Logger">
      <UniqueIdentifier>{87707572-8692-443e-a2ec-223c7eb23df9}</UniqueIdentifier>
    </Filter>
  </ItemGroup>
  <ItemGroup>
    <ClCompile Include="externals\imgui\imgui.cpp">
      <Filter>imgui</Filter>
    </ClCompile>
    <ClCompile Include="externals\imgui\imgui_demo.cpp">
      <Filter>imgui</Filter>
    </ClCompile>
    <ClCompile Include="externals\imgui\imgui_draw.cpp">
      <Filter>imgui</Filter>
    </ClCompile>
    <ClCompile Include="externals\imgui\imgui_impl_dx12.cpp">
      <Filter>imgui</Filter>
    </ClCompile>
    <ClCompile Include="externals\imgui\imgui_impl_win32.cpp">
      <Filter>imgui</Filter>
    </ClCompile>
    <ClCompile Include="externals\imgui\imgui_tables.cpp">
      <Filter>imgui</Filter>
    </ClCompile>
    <ClCompile Include="externals\imgui\imgui_widgets.cpp">
      <Filter>imgui</Filter>
    </ClCompile>
    <ClCompile Include="Engine\Core\MyWindow.cpp">
      <Filter>MyEngine\Core</Filter>
    </ClCompile>
    <ClCompile Include="Scene\Common\CommonData.cpp">
      <Filter>Scene\Common</Filter>
    </ClCompile>
    <ClCompile Include="Scene\Common\Scene.cpp">
      <Filter>Scene\Common</Filter>
    </ClCompile>
    <ClCompile Include="Scene\GameScene.cpp">
      <Filter>Scene</Filter>
    </ClCompile>
    <ClCompile Include="Engine\Camera\Camera.cpp">
      <Filter>MyEngine\Camera</Filter>
    </ClCompile>
    <ClCompile Include="Engine\Camera\DebugCamera.cpp">
      <Filter>MyEngine\Camera</Filter>
    </ClCompile>
    <ClCompile Include="Engine\Input\Input.cpp">
      <Filter>MyEngine\Input</Filter>
    </ClCompile>
    <ClCompile Include="Engine\Math\MyMath.cpp">
      <Filter>MyEngine\Math</Filter>
    </ClCompile>
    <ClCompile Include="Engine\Render\MyDirectX.cpp">
      <Filter>MyEngine\Render</Filter>
    </ClCompile>
    <ClCompile Include="Engine\Render\Render.cpp">
      <Filter>MyEngine\Render</Filter>
    </ClCompile>
    <ClCompile Include="Engine\Scene\SceneManager.cpp">
      <Filter>MyEngine\Scene</Filter>
    </ClCompile>
    <ClCompile Include="Engine\Sound\Audio.cpp">
      <Filter>MyEngine\Sound</Filter>
    </ClCompile>
    <ClCompile Include="Engine\Sound\Sound.cpp">
      <Filter>MyEngine\Sound</Filter>
    </ClCompile>
    <ClCompile Include="Scene\TitleScene.cpp">
      <Filter>Scene</Filter>
    </ClCompile>
    <ClCompile Include="Engine\Core\MyPSO.cpp">
      <Filter>MyEngine\Core</Filter>
    </ClCompile>
    <ClCompile Include="Object\Actor.cpp">
      <Filter>Object</Filter>
    </ClCompile>
    <ClCompile Include="Object\Object.cpp">
      <Filter>Object</Filter>
    </ClCompile>
    <ClCompile Include="main.cpp">
      <Filter>ソース ファイル</Filter>
    </ClCompile>
    <ClCompile Include="Engine\Logger\Logger.cpp">
      <Filter>MyEngine\Logger</Filter>
    </ClCompile>
    <ClCompile Include="GridMaker.cpp">
      <Filter>ソース ファイル</Filter>
    </ClCompile>
    <ClCompile Include="Engine\Data\Data.cpp">
      <Filter>MyEngine\Data</Filter>
    </ClCompile>
    <ClCompile Include="CollisionManager.cpp">
      <Filter>ソース ファイル</Filter>
    </ClCompile>
    <ClCompile Include="Player.cpp">
      <Filter>ソース ファイル</Filter>
    </ClCompile>
    <ClCompile Include="PlayerBullet.cpp">
      <Filter>ソース ファイル</Filter>
    </ClCompile>
    <ClCompile Include="RailCameraController.cpp">
      <Filter>ソース ファイル</Filter>
    </ClCompile>
    <ClCompile Include="TimeCall.cpp">
      <Filter>ソース ファイル</Filter>
    </ClCompile>
    <ClCompile Include="Engine\Data\Value.cpp">
      <Filter>MyEngine\Data</Filter>
    </ClCompile>
  </ItemGroup>
  <ItemGroup>
    <ClInclude Include="externals\imgui\imconfig.h">
      <Filter>imgui</Filter>
    </ClInclude>
    <ClInclude Include="externals\imgui\imgui.h">
      <Filter>imgui</Filter>
    </ClInclude>
    <ClInclude Include="externals\imgui\imgui_impl_dx12.h">
      <Filter>imgui</Filter>
    </ClInclude>
    <ClInclude Include="externals\imgui\imgui_impl_win32.h">
      <Filter>imgui</Filter>
    </ClInclude>
    <ClInclude Include="externals\imgui\imgui_internal.h">
      <Filter>imgui</Filter>
    </ClInclude>
    <ClInclude Include="externals\imgui\imstb_rectpack.h">
      <Filter>imgui</Filter>
    </ClInclude>
    <ClInclude Include="externals\imgui\imstb_textedit.h">
      <Filter>imgui</Filter>
    </ClInclude>
    <ClInclude Include="externals\imgui\imstb_truetype.h">
      <Filter>imgui</Filter>
    </ClInclude>
    <ClInclude Include="Engine\Core\MyWindow.h">
      <Filter>MyEngine\Core</Filter>
    </ClInclude>
    <ClInclude Include="Scene\Common\CommonData.h">
      <Filter>Scene\Common</Filter>
    </ClInclude>
    <ClInclude Include="Scene\Common\Scene.h">
      <Filter>Scene\Common</Filter>
    </ClInclude>
    <ClInclude Include="Scene\GameScene.h">
      <Filter>Scene</Filter>
    </ClInclude>
    <ClInclude Include="Engine\Camera\Camera.h">
      <Filter>MyEngine\Camera</Filter>
    </ClInclude>
    <ClInclude Include="Engine\Camera\DebugCamera.h">
      <Filter>MyEngine\Camera</Filter>
    </ClInclude>
    <ClInclude Include="Engine\Data\Matrix.h">
      <Filter>MyEngine\Data</Filter>
    </ClInclude>
    <ClInclude Include="Engine\Data\Transform.h">
      <Filter>MyEngine\Data</Filter>
    </ClInclude>
    <ClInclude Include="Engine\Input\Input.h">
      <Filter>MyEngine\Input</Filter>
    </ClInclude>
    <ClInclude Include="Engine\Math\MyMath.h">
      <Filter>MyEngine\Math</Filter>
    </ClInclude>
    <ClInclude Include="Engine\Render\MyDirectX.h">
      <Filter>MyEngine\Render</Filter>
    </ClInclude>
    <ClInclude Include="Engine\Render\Render.h">
      <Filter>MyEngine\Render</Filter>
    </ClInclude>
    <ClInclude Include="Engine\Scene\SceneManager.h">
      <Filter>MyEngine\Scene</Filter>
    </ClInclude>
    <ClInclude Include="Engine\Sound\Audio.h">
      <Filter>MyEngine\Sound</Filter>
    </ClInclude>
    <ClInclude Include="Engine\Sound\Sound.h">
      <Filter>MyEngine\Sound</Filter>
    </ClInclude>
    <ClInclude Include="Scene\TitleScene.h">
      <Filter>Scene</Filter>
    </ClInclude>
    <ClInclude Include="Engine\Core\MyPSO.h">
      <Filter>MyEngine\Core</Filter>
    </ClInclude>
    <ClInclude Include="Object\Action.h">
      <Filter>Object</Filter>
    </ClInclude>
    <ClInclude Include="Object\Actor.h">
      <Filter>Object</Filter>
    </ClInclude>
    <ClInclude Include="Object\Object.h">
      <Filter>Object</Filter>
    </ClInclude>
    <ClInclude Include="Engine\Logger\Logger.h">
      <Filter>MyEngine\Logger</Filter>
    </ClInclude>
    <ClInclude Include="GridMaker.h">
      <Filter>ヘッダー ファイル</Filter>
    </ClInclude>
    <ClInclude Include="Engine\Data\Vector.h">
      <Filter>MyEngine\Data</Filter>
    </ClInclude>
    <ClInclude Include="Engine\Data\Data.h">
      <Filter>MyEngine\Data</Filter>
    </ClInclude>
    <ClInclude Include="TimeCallData.h">
      <Filter>ヘッダー ファイル</Filter>
    </ClInclude>
    <ClInclude Include="TimeCall.h">
      <Filter>ヘッダー ファイル</Filter>
    </ClInclude>
    <ClInclude Include="RailCameraController.h">
      <Filter>ヘッダー ファイル</Filter>
    </ClInclude>
    <ClInclude Include="PlayerBullet.h">
      <Filter>ヘッダー ファイル</Filter>
    </ClInclude>
    <ClInclude Include="Player.h">
      <Filter>ヘッダー ファイル</Filter>
    </ClInclude>
    <ClInclude Include="CollisionManager.h">
      <Filter>ヘッダー ファイル</Filter>
    </ClInclude>
    <ClInclude Include="Engine\Data\Value.h">
      <Filter>MyEngine\Data</Filter>
    </ClInclude>
  </ItemGroup>
  <ItemGroup>
    <Text Include="externals\imgui\LICENSE.txt">
      <Filter>imgui</Filter>
    </Text>
  </ItemGroup>
  <ItemGroup>
    <None Include="Engine\Shader\Object3d.hlsli">
      <Filter>MyEngine\Shader</Filter>
    </None>
  </ItemGroup>
  <ItemGroup>
    <FxCompile Include="Engine\Shader\Object3d.PS.hlsl">
      <Filter>MyEngine\Shader</Filter>
    </FxCompile>
    <FxCompile Include="Engine\Shader\Object3d.VS.hlsl">
      <Filter>MyEngine\Shader</Filter>
    </FxCompile>
  </ItemGroup>
</Project>